
Microsoft Visual Studio Solution File, Format Version 12.00
# Visual Studio Version 17
VisualStudioVersion = 17.1.32210.238
MinimumVisualStudioVersion = 10.0.40219.1
Project("{FAE04EC0-301F-11D3-BF4B-00C04F79EFBC}") = "API2", "API2\API2.csproj", "{D00A0DBF-8CF8-46A3-84D4-8125FC8A1462}"
EndProject
Global
	GlobalSection(SolutionConfigurationPlatforms) = preSolution
		Debug|Any CPU = Debug|Any CPU
		Release|Any CPU = Release|Any CPU
	EndGlobalSection
	GlobalSection(ProjectConfigurationPlatforms) = postSolution
		{D00A0DBF-8CF8-46A3-84D4-8125FC8A1462}.Debug|Any CPU.ActiveCfg = Debug|Any CPU
		{D00A0DBF-8CF8-46A3-84D4-8125FC8A1462}.Debug|Any CPU.Build.0 = Debug|Any CPU
		{D00A0DBF-8CF8-46A3-84D4-8125FC8A1462}.Release|Any CPU.ActiveCfg = Release|Any CPU
		{D00A0DBF-8CF8-46A3-84D4-8125FC8A1462}.Release|Any CPU.Build.0 = Release|Any CPU
	EndGlobalSection
	GlobalSection(SolutionProperties) = preSolution
		HideSolutionNode = FALSE
	EndGlobalSection
	GlobalSection(ExtensibilityGlobals) = postSolution
		SolutionGuid = {C7771F95-1BEC-47B5-93AB-0D5853233296}
	EndGlobalSection
EndGlobal
